// !$*UTF8*$!
{
	archiveVersion = 1;
	classes = {
	};
	objectVersion = 46;
	objects = {

/* Begin PBXBuildFile section */
		0417D20F1F16FED8008C93CA /* main.m in Sources */ = {isa = PBXBuildFile; fileRef = 0417D20E1F16FED8008C93CA /* main.m */; };
		0417D2121F16FED8008C93CA /* AppDelegate.m in Sources */ = {isa = PBXBuildFile; fileRef = 0417D2111F16FED8008C93CA /* AppDelegate.m */; };
		0417D2151F16FED8008C93CA /* ViewController.m in Sources */ = {isa = PBXBuildFile; fileRef = 0417D2141F16FED8008C93CA /* ViewController.m */; };
		0417D2181F16FED8008C93CA /* Main.storyboard in Resources */ = {isa = PBXBuildFile; fileRef = 0417D2161F16FED8008C93CA /* Main.storyboard */; };
		0417D21A1F16FED8008C93CA /* Assets.xcassets in Resources */ = {isa = PBXBuildFile; fileRef = 0417D2191F16FED8008C93CA /* Assets.xcassets */; };
		0417D21D1F16FED8008C93CA /* LaunchScreen.storyboard in Resources */ = {isa = PBXBuildFile; fileRef = 0417D21B1F16FED8008C93CA /* LaunchScreen.storyboard */; };
		0417D2281F16FED8008C93CA /* yns_programTests.m in Sources */ = {isa = PBXBuildFile; fileRef = 0417D2271F16FED8008C93CA /* yns_programTests.m */; };
		0417D2331F16FED8008C93CA /* yns_programUITests.m in Sources */ = {isa = PBXBuildFile; fileRef = 0417D2321F16FED8008C93CA /* yns_programUITests.m */; };
/* End PBXBuildFile section */

/* Begin PBXContainerItemProxy section */
		0417D2241F16FED8008C93CA /* PBXContainerItemProxy */ = {
			isa = PBXContainerItemProxy;
			containerPortal = 0417D2021F16FED8008C93CA /* Project object */;
			proxyType = 1;
			remoteGlobalIDString = 0417D2091F16FED8008C93CA;
			remoteInfo = yns_program;
		};
		0417D22F1F16FED8008C93CA /* PBXContainerItemProxy */ = {
			isa = PBXContainerItemProxy;
			containerPortal = 0417D2021F16FED8008C93CA /* Project object */;
			proxyType = 1;
			remoteGlobalIDString = 0417D2091F16FED8008C93CA;
			remoteInfo = yns_program;
		};
/* End PBXContainerItemProxy section */

/* Begin PBXFileReference section */
		0417D20A1F16FED8008C93CA /* yns_program.app */ = {isa = PBXFileReference; explicitFileType = wrapper.application; includeInIndex = 0; path = yns_program.app; sourceTree = BUILT_PRODUCTS_DIR; };
		0417D20E1F16FED8008C93CA /* main.m */ = {isa = PBXFileReference; lastKnownFileType = sourcecode.c.objc; path = main.m; sourceTree = "<group>"; };
		0417D2101F16FED8008C93CA /* AppDelegate.h */ = {isa = PBXFileReference; lastKnownFileType = sourcecode.c.h; path = AppDelegate.h; sourceTree = "<group>"; };
		0417D2111F16FED8008C93CA /* AppDelegate.m */ = {isa = PBXFileReference; lastKnownFileType = sourcecode.c.objc; path = AppDelegate.m; sourceTree = "<group>"; };
		0417D2131F16FED8008C93CA /* ViewController.h */ = {isa = PBXFileReference; lastKnownFileType = sourcecode.c.h; path = ViewController.h; sourceTree = "<group>"; };
		0417D2141F16FED8008C93CA /* ViewController.m */ = {isa = PBXFileReference; lastKnownFileType = sourcecode.c.objc; path = ViewController.m; sourceTree = "<group>"; };
		0417D2171F16FED8008C93CA /* Base */ = {isa = PBXFileReference; lastKnownFileType = file.storyboard; name = Base; path = Base.lproj/Main.storyboard; sourceTree = "<group>"; };
		0417D2191F16FED8008C93CA /* Assets.xcassets */ = {isa = PBXFileReference; lastKnownFileType = folder.assetcatalog; path = Assets.xcassets; sourceTree = "<group>"; };
		0417D21C1F16FED8008C93CA /* Base */ = {isa = PBXFileReference; lastKnownFileType = file.storyboard; name = Base; path = Base.lproj/LaunchScreen.storyboard; sourceTree = "<group>"; };
		0417D21E1F16FED8008C93CA /* Info.plist */ = {isa = PBXFileReference; lastKnownFileType = text.plist.xml; path = Info.plist; sourceTree = "<group>"; };
		0417D2231F16FED8008C93CA /* yns_programTests.xctest */ = {isa = PBXFileReference; explicitFileType = wrapper.cfbundle; includeInIndex = 0; path = yns_programTests.xctest; sourceTree = BUILT_PRODUCTS_DIR; };
		0417D2271F16FED8008C93CA /* yns_programTests.m */ = {isa = PBXFileReference; lastKnownFileType = sourcecode.c.objc; path = yns_programTests.m; sourceTree = "<group>"; };
		0417D2291F16FED8008C93CA /* Info.plist */ = {isa = PBXFileReference; lastKnownFileType = text.plist.xml; path = Info.plist; sourceTree = "<group>"; };
		0417D22E1F16FED8008C93CA /* yns_programUITests.xctest */ = {isa = PBXFileReference; explicitFileType = wrapper.cfbundle; includeInIndex = 0; path = yns_programUITests.xctest; sourceTree = BUILT_PRODUCTS_DIR; };
		0417D2321F16FED8008C93CA /* yns_programUITests.m */ = {isa = PBXFileReference; lastKnownFileType = sourcecode.c.objc; path = yns_programUITests.m; sourceTree = "<group>"; };
		0417D2341F16FED8008C93CA /* Info.plist */ = {isa = PBXFileReference; lastKnownFileType = text.plist.xml; path = Info.plist; sourceTree = "<group>"; };
/* End PBXFileReference section */

/* Begin PBXFrameworksBuildPhase section */
		0417D2071F16FED8008C93CA /* Frameworks */ = {
			isa = PBXFrameworksBuildPhase;
			buildActionMask = 2147483647;
			files = (
			);
			runOnlyForDeploymentPostprocessing = 0;
		};
		0417D2201F16FED8008C93CA /* Frameworks */ = {
			isa = PBXFrameworksBuildPhase;
			buildActionMask = 2147483647;
			files = (
			);
			runOnlyForDeploymentPostprocessing = 0;
		};
		0417D22B1F16FED8008C93CA /* Frameworks */ = {
			isa = PBXFrameworksBuildPhase;
			buildActionMask = 2147483647;
			files = (
			);
			runOnlyForDeploymentPostprocessing = 0;
		};
/* End PBXFrameworksBuildPhase section */

/* Begin PBXGroup section */
		0417D2011F16FED8008C93CA = {
			isa = PBXGroup;
			children = (
				0417D20C1F16FED8008C93CA /* yns_program */,
				0417D2261F16FED8008C93CA /* yns_programTests */,
				0417D2311F16FED8008C93CA /* yns_programUITests */,
				0417D20B1F16FED8008C93CA /* Products */,
			);
			sourceTree = "<group>";
		};
		0417D20B1F16FED8008C93CA /* Products */ = {
			isa = PBXGroup;
			children = (
				0417D20A1F16FED8008C93CA /* yns_program.app */,
				0417D2231F16FED8008C93CA /* yns_programTests.xctest */,
				0417D22E1F16FED8008C93CA /* yns_programUITests.xctest */,
			);
			name = Products;
			sourceTree = "<group>";
		};
		0417D20C1F16FED8008C93CA /* yns_program */ = {
			isa = PBXGroup;
			children = (
				0417D2101F16FED8008C93CA /* AppDelegate.h */,
				0417D2111F16FED8008C93CA /* AppDelegate.m */,
				0417D2131F16FED8008C93CA /* ViewController.h */,
				0417D2141F16FED8008C93CA /* ViewController.m */,
				0417D2161F16FED8008C93CA /* Main.storyboard */,
				0417D2191F16FED8008C93CA /* Assets.xcassets */,
				0417D21B1F16FED8008C93CA /* LaunchScreen.storyboard */,
				0417D21E1F16FED8008C93CA /* Info.plist */,
				0417D20D1F16FED8008C93CA /* Supporting Files */,
			);
			path = yns_program;
			sourceTree = "<group>";
		};
		0417D20D1F16FED8008C93CA /* Supporting Files */ = {
			isa = PBXGroup;
			children = (
				0417D20E1F16FED8008C93CA /* main.m */,
			);
			name = "Supporting Files";
			sourceTree = "<group>";
		};
		0417D2261F16FED8008C93CA /* yns_programTests */ = {
			isa = PBXGroup;
			children = (
				0417D2271F16FED8008C93CA /* yns_programTests.m */,
				0417D2291F16FED8008C93CA /* Info.plist */,
			);
			path = yns_programTests;
			sourceTree = "<group>";
		};
		0417D2311F16FED8008C93CA /* yns_programUITests */ = {
			isa = PBXGroup;
			children = (
				0417D2321F16FED8008C93CA /* yns_programUITests.m */,
				0417D2341F16FED8008C93CA /* Info.plist */,
			);
			path = yns_programUITests;
			sourceTree = "<group>";
		};
/* End PBXGroup section */

/* Begin PBXNativeTarget section */
		0417D2091F16FED8008C93CA /* yns_program */ = {
			isa = PBXNativeTarget;
			buildConfigurationList = 0417D2371F16FED8008C93CA /* Build configuration list for PBXNativeTarget "yns_program" */;
			buildPhases = (
				0417D2061F16FED8008C93CA /* Sources */,
				0417D2071F16FED8008C93CA /* Frameworks */,
				0417D2081F16FED8008C93CA /* Resources */,
			);
			buildRules = (
			);
			dependencies = (
			);
			name = yns_program;
			productName = yns_program;
			productReference = 0417D20A1F16FED8008C93CA /* yns_program.app */;
			productType = "com.apple.product-type.application";
		};
		0417D2221F16FED8008C93CA /* yns_programTests */ = {
			isa = PBXNativeTarget;
			buildConfigurationList = 0417D23A1F16FED8008C93CA /* Build configuration list for PBXNativeTarget "yns_programTests" */;
			buildPhases = (
				0417D21F1F16FED8008C93CA /* Sources */,
				0417D2201F16FED8008C93CA /* Frameworks */,
				0417D2211F16FED8008C93CA /* Resources */,
			);
			buildRules = (
			);
			dependencies = (
				0417D2251F16FED8008C93CA /* PBXTargetDependency */,
			);
			name = yns_programTests;
			productName = yns_programTests;
			productReference = 0417D2231F16FED8008C93CA /* yns_programTests.xctest */;
			productType = "com.apple.product-type.bundle.unit-test";
		};
		0417D22D1F16FED8008C93CA /* yns_programUITests */ = {
			isa = PBXNativeTarget;
			buildConfigurationList = 0417D23D1F16FED8008C93CA /* Build configuration list for PBXNativeTarget "yns_programUITests" */;
			buildPhases = (
				0417D22A1F16FED8008C93CA /* Sources */,
				0417D22B1F16FED8008C93CA /* Frameworks */,
				0417D22C1F16FED8008C93CA /* Resources */,
			);
			buildRules = (
			);
			dependencies = (
				0417D2301F16FED8008C93CA /* PBXTargetDependency */,
			);
			name = yns_programUITests;
			productName = yns_programUITests;
			productReference = 0417D22E1F16FED8008C93CA /* yns_programUITests.xctest */;
			productType = "com.apple.product-type.bundle.ui-testing";
		};
/* End PBXNativeTarget section */

/* Begin PBXProject section */
		0417D2021F16FED8008C93CA /* Project object */ = {
			isa = PBXProject;
			attributes = {
				LastUpgradeCheck = 0830;
				ORGANIZATIONNAME = mac;
				TargetAttributes = {
					0417D2091F16FED8008C93CA = {
						CreatedOnToolsVersion = 8.3.2;
						DevelopmentTeam = V2PRMX9B5Z;
						ProvisioningStyle = Automatic;
					};
					0417D2221F16FED8008C93CA = {
						CreatedOnToolsVersion = 8.3.2;
						DevelopmentTeam = V2PRMX9B5Z;
						ProvisioningStyle = Automatic;
						TestTargetID = 0417D2091F16FED8008C93CA;
					};
					0417D22D1F16FED8008C93CA = {
						CreatedOnToolsVersion = 8.3.2;
						DevelopmentTeam = V2PRMX9B5Z;
						ProvisioningStyle = Automatic;
						TestTargetID = 0417D2091F16FED8008C93CA;
					};
				};
			};
			buildConfigurationList = 0417D2051F16FED8008C93CA /* Build configuration list for PBXProject "yns_program" */;
			compatibilityVersion = "Xcode 3.2";
			developmentRegion = English;
			hasScannedForEncodings = 0;
			knownRegions = (
				en,
				Base,
			);
			mainGroup = 0417D2011F16FED8008C93CA;
			productRefGroup = 0417D20B1F16FED8008C93CA /* Products */;
			projectDirPath = "";
			projectRoot = "";
			targets = (
				0417D2091F16FED8008C93CA /* yns_program */,
				0417D2221F16FED8008C93CA /* yns_programTests */,
				0417D22D1F16FED8008C93CA /* yns_programUITests */,
			);
		};
/* End PBXProject section */

/* Begin PBXResourcesBuildPhase section */
		0417D2081F16FED8008C93CA /* Resources */ = {
			isa = PBXResourcesBuildPhase;
			buildActionMask = 2147483647;
			files = (
				0417D21D1F16FED8008C93CA /* LaunchScreen.storyboard in Resources */,
				0417D21A1F16FED8008C93CA /* Assets.xcassets in Resources */,
				0417D2181F16FED8008C93CA /* Main.storyboard in Resources */,
			);
			runOnlyForDeploymentPostprocessing = 0;
		};
		0417D2211F16FED8008C93CA /* Resources */ = {
			isa = PBXResourcesBuildPhase;
			buildActionMask = 2147483647;
			files = (
			);
			runOnlyForDeploymentPostprocessing = 0;
		};
		0417D22C1F16FED8008C93CA /* Resources */ = {
			isa = PBXResourcesBuildPhase;
			buildActionMask = 2147483647;
			files = (
			);
			runOnlyForDeploymentPostprocessing = 0;
		};
/* End PBXResourcesBuildPhase section */

/* Begin PBXSourcesBuildPhase section */
		0417D2061F16FED8008C93CA /* Sources */ = {
			isa = PBXSourcesBuildPhase;
			buildActionMask = 2147483647;
			files = (
				0417D2151F16FED8008C93CA /* ViewController.m in Sources */,
				0417D2121F16FED8008C93CA /* AppDelegate.m in Sources */,
				0417D20F1F16FED8008C93CA /* main.m in Sources */,
			);
			runOnlyForDeploymentPostprocessing = 0;
		};
		0417D21F1F16FED8008C93CA /* Sources */ = {
			isa = PBXSourcesBuildPhase;
			buildActionMask = 2147483647;
			files = (
				0417D2281F16FED8008C93CA /* yns_programTests.m in Sources */,
			);
			runOnlyForDeploymentPostprocessing = 0;
		};
		0417D22A1F16FED8008C93CA /* Sources */ = {
			isa = PBXSourcesBuildPhase;
			buildActionMask = 2147483647;
			files = (
				0417D2331F16FED8008C93CA /* yns_programUITests.m in Sources */,
			);
			runOnlyForDeploymentPostprocessing = 0;
		};
/* End PBXSourcesBuildPhase section */

/* Begin PBXTargetDependency section */
		0417D2251F16FED8008C93CA /* PBXTargetDependency */ = {
			isa = PBXTargetDependency;
			target = 0417D2091F16FED8008C93CA /* yns_program */;
			targetProxy = 0417D2241F16FED8008C93CA /* PBXContainerItemProxy */;
		};
		0417D2301F16FED8008C93CA /* PBXTargetDependency */ = {
			isa = PBXTargetDependency;
			target = 0417D2091F16FED8008C93CA /* yns_program */;
			targetProxy = 0417D22F1F16FED8008C93CA /* PBXContainerItemProxy */;
		};
/* End PBXTargetDependency section */

/* Begin PBXVariantGroup section */
		0417D2161F16FED8008C93CA /* Main.storyboard */ = {
			isa = PBXVariantGroup;
			children = (
				0417D2171F16FED8008C93CA /* Base */,
			);
			name = Main.storyboard;
			sourceTree = "<group>";
		};
		0417D21B1F16FED8008C93CA /* LaunchScreen.storyboard */ = {
			isa = PBXVariantGroup;
			children = (
				0417D21C1F16FED8008C93CA /* Base */,
			);
			name = LaunchScreen.storyboard;
			sourceTree = "<group>";
		};
/* End PBXVariantGroup section */

/* Begin XCBuildConfiguration section */
		0417D2351F16FED8008C93CA /* Debug */ = {
			isa = XCBuildConfiguration;
			buildSettings = {
				ALWAYS_SEARCH_USER_PATHS = NO;
				CLANG_ANALYZER_NONNULL = YES;
				CLANG_ANALYZER_NUMBER_OBJECT_CONVERSION = YES_AGGRESSIVE;
				CLANG_CXX_LANGUAGE_STANDARD = "gnu++0x";
				CLANG_CXX_LIBRARY = "libc++";
				CLANG_ENABLE_MODULES = YES;
				CLANG_ENABLE_OBJC_ARC = YES;
				CLANG_WARN_BOOL_CONVERSION = YES;
				CLANG_WARN_CONSTANT_CONVERSION = YES;
				CLANG_WARN_DIRECT_OBJC_ISA_USAGE = YES_ERROR;
				CLANG_WARN_DOCUMENTATION_COMMENTS = YES;
				CLANG_WARN_EMPTY_BODY = YES;
				CLANG_WARN_ENUM_CONVERSION = YES;
				CLANG_WARN_INFINITE_RECURSION = YES;
				CLANG_WARN_INT_CONVERSION = YES;
				CLANG_WARN_OBJC_ROOT_CLASS = YES_ERROR;
				CLANG_WARN_SUSPICIOUS_MOVE = YES;
				CLANG_WARN_UNREACHABLE_CODE = YES;
				CLANG_WARN__DUPLICATE_METHOD_MATCH = YES;
				"CODE_SIGN_IDENTITY[sdk=iphoneos*]" = "iPhone Developer";
				COPY_PHASE_STRIP = NO;
				DEBUG_INFORMATION_FORMAT = dwarf;
				ENABLE_STRICT_OBJC_MSGSEND = YES;
				ENABLE_TESTABILITY = YES;
				GCC_C_LANGUAGE_STANDARD = gnu99;
				GCC_DYNAMIC_NO_PIC = NO;
				GCC_NO_COMMON_BLOCKS = YES;
				GCC_OPTIMIZATION_LEVEL = 0;
				GCC_PREPROCESSOR_DEFINITIONS = (
					"DEBUG=1",
					"$(inherited)",
				);
				GCC_WARN_64_TO_32_BIT_CONVERSION = YES;
				GCC_WARN_ABOUT_RETURN_TYPE = YES_ERROR;
				GCC_WARN_UNDECLARED_SELECTOR = YES;
				GCC_WARN_UNINITIALIZED_AUTOS = YES_AGGRESSIVE;
				GCC_WARN_UNUSED_FUNCTION = YES;
				GCC_WARN_UNUSED_VARIABLE = YES;
				IPHONEOS_DEPLOYMENT_TARGET = 10.3;
				MTL_ENABLE_DEBUG_INFO = YES;
				ONLY_ACTIVE_ARCH = YES;
				SDKROOT = iphoneos;
			};
			name = Debug;
		};
		0417D2361F16FED8008C93CA /* Release */ = {
			isa = XCBuildConfiguration;
			buildSettings = {
				ALWAYS_SEARCH_USER_PATHS = NO;
				CLANG_ANALYZER_NONNULL = YES;
				CLANG_ANALYZER_NUMBER_OBJECT_CONVERSION = YES_AGGRESSIVE;
				CLANG_CXX_LANGUAGE_STANDARD = "gnu++0x";
				CLANG_CXX_LIBRARY = "libc++";
				CLANG_ENABLE_MODULES = YES;
				CLANG_ENABLE_OBJC_ARC = YES;
				CLANG_WARN_BOOL_CONVERSION = YES;
				CLANG_WARN_CONSTANT_CONVERSION = YES;
				CLANG_WARN_DIRECT_OBJC_ISA_USAGE = YES_ERROR;
				CLANG_WARN_DOCUMENTATION_COMMENTS = YES;
				CLANG_WARN_EMPTY_BODY = YES;
				CLANG_WARN_ENUM_CONVERSION = YES;
				CLANG_WARN_INFINITE_RECURSION = YES;
				CLANG_WARN_INT_CONVERSION = YES;
				CLANG_WARN_OBJC_ROOT_CLASS = YES_ERROR;
				CLANG_WARN_SUSPICIOUS_MOVE = YES;
				CLANG_WARN_UNREACHABLE_CODE = YES;
				CLANG_WARN__DUPLICATE_METHOD_MATCH = YES;
				"CODE_SIGN_IDENTITY[sdk=iphoneos*]" = "iPhone Developer";
				COPY_PHASE_STRIP = NO;
				DEBUG_INFORMATION_FORMAT = "dwarf-with-dsym";
				ENABLE_NS_ASSERTIONS = NO;
				ENABLE_STRICT_OBJC_MSGSEND = YES;
				GCC_C_LANGUAGE_STANDARD = gnu99;
				GCC_NO_COMMON_BLOCKS = YES;
				GCC_WARN_64_TO_32_BIT_CONVERSION = YES;
				GCC_WARN_ABOUT_RETURN_TYPE = YES_ERROR;
				GCC_WARN_UNDECLARED_SELECTOR = YES;
				GCC_WARN_UNINITIALIZED_AUTOS = YES_AGGRESSIVE;
				GCC_WARN_UNUSED_FUNCTION = YES;
				GCC_WARN_UNUSED_VARIABLE = YES;
				IPHONEOS_DEPLOYMENT_TARGET = 10.3;
				MTL_ENABLE_DEBUG_INFO = NO;
				SDKROOT = iphoneos;
				VALIDATE_PRODUCT = YES;
			};
			name = Release;
		};
		0417D2381F16FED8008C93CA /* Debug */ = {
			isa = XCBuildConfiguration;
			buildSettings = {
				ASSETCATALOG_COMPILER_APPICON_NAME = AppIcon;
				DEVELOPMENT_TEAM = V2PRMX9B5Z;
				INFOPLIST_FILE = yns_program/Info.plist;
				LD_RUNPATH_SEARCH_PATHS = "$(inherited) @executable_path/Frameworks";
				PRODUCT_BUNDLE_IDENTIFIER = "com.nxt.yns-program";
				PRODUCT_NAME = "$(TARGET_NAME)";
			};
			name = Debug;
		};
		0417D2391F16FED8008C93CA /* Release */ = {
			isa = XCBuildConfiguration;
			buildSettings = {
				ASSETCATALOG_COMPILER_APPICON_NAME = AppIcon;
				DEVELOPMENT_TEAM = V2PRMX9B5Z;
				INFOPLIST_FILE = yns_program/Info.plist;
				LD_RUNPATH_SEARCH_PATHS = "$(inherited) @executable_path/Frameworks";
				PRODUCT_BUNDLE_IDENTIFIER = "com.nxt.yns-program";
				PRODUCT_NAME = "$(TARGET_NAME)";
			};
			name = Release;
		};
		0417D23B1F16FED8008C93CA /* Debug */ = {
			isa = XCBuildConfiguration;
			buildSettings = {
				BUNDLE_LOADER = "$(TEST_HOST)";
				DEVELOPMENT_TEAM = V2PRMX9B5Z;
				INFOPLIST_FILE = yns_programTests/Info.plist;
				LD_RUNPATH_SEARCH_PATHS = "$(inherited) @executable_path/Frameworks @loader_path/Frameworks";
				PRODUCT_BUNDLE_IDENTIFIER = "com.nxt.yns-programTests";
				PRODUCT_NAME = "$(TARGET_NAME)";
				TEST_HOST = "$(BUILT_PRODUCTS_DIR)/yns_program.app/yns_program";
			};
			name = Debug;
		};
		0417D23C1F16FED8008C93CA /* Release */ = {
			isa = XCBuildConfiguration;
			buildSettings = {
				BUNDLE_LOADER = "$(TEST_HOST)";
				DEVELOPMENT_TEAM = V2PRMX9B5Z;
				INFOPLIST_FILE = yns_programTests/Info.plist;
				LD_RUNPATH_SEARCH_PATHS = "$(inherited) @executable_path/Frameworks @loader_path/Frameworks";
				PRODUCT_BUNDLE_IDENTIFIER = "com.nxt.yns-programTests";
				PRODUCT_NAME = "$(TARGET_NAME)";
				TEST_HOST = "$(BUILT_PRODUCTS_DIR)/yns_program.app/yns_program";
			};
			name = Release;
		};
		0417D23E1F16FED8008C93CA /* Debug */ = {
			isa = XCBuildConfiguration;
			buildSettings = {
				DEVELOPMENT_TEAM = V2PRMX9B5Z;
				INFOPLIST_FILE = yns_programUITests/Info.plist;
				LD_RUNPATH_SEARCH_PATHS = "$(inherited) @executable_path/Frameworks @loader_path/Frameworks";
				PRODUCT_BUNDLE_IDENTIFIER = "com.nxt.yns-programUITests";
				PRODUCT_NAME = "$(TARGET_NAME)";
				TEST_TARGET_NAME = yns_program;
			};
			name = Debug;
		};
		0417D23F1F16FED8008C93CA /* Release */ = {
			isa = XCBuildConfiguration;
			buildSettings = {
				DEVELOPMENT_TEAM = V2PRMX9B5Z;
				INFOPLIST_FILE = yns_programUITests/Info.plist;
				LD_RUNPATH_SEARCH_PATHS = "$(inherited) @executable_path/Frameworks @loader_path/Frameworks";
				PRODUCT_BUNDLE_IDENTIFIER = "com.nxt.yns-programUITests";
				PRODUCT_NAME = "$(TARGET_NAME)";
				TEST_TARGET_NAME = yns_program;
			};
			name = Release;
		};
/* End XCBuildConfiguration section */

/* Begin XCConfigurationList section */
		0417D2051F16FED8008C93CA /* Build configuration list for PBXProject "yns_program" */ = {
			isa = XCConfigurationList;
			buildConfigurations = (
				0417D2351F16FED8008C93CA /* Debug */,
				0417D2361F16FED8008C93CA /* Release */,
			);
			defaultConfigurationIsVisible = 0;
			defaultConfigurationName = Release;
		};
		0417D2371F16FED8008C93CA /* Build configuration list for PBXNativeTarget "yns_program" */ = {
			isa = XCConfigurationList;
			buildConfigurations = (
				0417D2381F16FED8008C93CA /* Debug */,
				0417D2391F16FED8008C93CA /* Release */,
			);
			defaultConfigurationIsVisible = 0;
		};
		0417D23A1F16FED8008C93CA /* Build configuration list for PBXNativeTarget "yns_programTests" */ = {
			isa = XCConfigurationList;
			buildConfigurations = (
				0417D23B1F16FED8008C93CA /* Debug */,
				0417D23C1F16FED8008C93CA /* Release */,
			);
			defaultConfigurationIsVisible = 0;
		};
		0417D23D1F16FED8008C93CA /* Build configuration list for PBXNativeTarget "yns_programUITests" */ = {
			isa = XCConfigurationList;
			buildConfigurations = (
				0417D23E1F16FED8008C93CA /* Debug */,
				0417D23F1F16FED8008C93CA /* Release */,
			);
			defaultConfigurationIsVisible = 0;
		};
/* End XCConfigurationList section */
	};
	rootObject = 0417D2021F16FED8008C93CA /* Project object */;
}
